
Microsoft Visual Studio Solution File, Format Version 12.00
# Visual Studio 15
VisualStudioVersion = 15.0.27428.2002
MinimumVisualStudioVersion = 10.0.40219.1
Project("{9A19103F-16F7-4668-BE54-9A1E7A4F7556}") = "Cake.Endpoint", "Cake.Endpoint\Cake.Endpoint.csproj", "{AF8CEC22-D7EE-4F66-BBB2-CA548E1CFEC6}"
EndProject
Project("{9A19103F-16F7-4668-BE54-9A1E7A4F7556}") = "Cake.Endpoint.Tests", "Cake.Endpoint.Tests\Cake.Endpoint.Tests.csproj", "{4C266580-E0DF-4350-8990-4234ACA54B1F}"
EndProject
Project("{2150E333-8FDC-42A3-9474-1A3956D46DE8}") = "Solution Items", "Solution Items", "{59F73016-774D-4EDC-A32D-C32422E09215}"
	ProjectSection(SolutionItems) = preProject
		..\build.cake = ..\build.cake
		..\docs\Endpoints_example.json = ..\docs\Endpoints_example.json
		..\README.md = ..\README.md
	EndProjectSection
EndProject
Global
	GlobalSection(SolutionConfigurationPlatforms) = preSolution
		Debug|Any CPU = Debug|Any CPU
		Release|Any CPU = Release|Any CPU
	EndGlobalSection
	GlobalSection(ProjectConfigurationPlatforms) = postSolution
		{AF8CEC22-D7EE-4F66-BBB2-CA548E1CFEC6}.Debug|Any CPU.ActiveCfg = Debug|Any CPU
		{AF8CEC22-D7EE-4F66-BBB2-CA548E1CFEC6}.Debug|Any CPU.Build.0 = Debug|Any CPU
		{AF8CEC22-D7EE-4F66-BBB2-CA548E1CFEC6}.Release|Any CPU.ActiveCfg = Release|Any CPU
		{AF8CEC22-D7EE-4F66-BBB2-CA548E1CFEC6}.Release|Any CPU.Build.0 = Release|Any CPU
		{4C266580-E0DF-4350-8990-4234ACA54B1F}.Debug|Any CPU.ActiveCfg = Debug|Any CPU
		{4C266580-E0DF-4350-8990-4234ACA54B1F}.Debug|Any CPU.Build.0 = Debug|Any CPU
		{4C266580-E0DF-4350-8990-4234ACA54B1F}.Release|Any CPU.ActiveCfg = Release|Any CPU
		{4C266580-E0DF-4350-8990-4234ACA54B1F}.Release|Any CPU.Build.0 = Release|Any CPU
	EndGlobalSection
	GlobalSection(SolutionProperties) = preSolution
		HideSolutionNode = FALSE
	EndGlobalSection
	GlobalSection(ExtensibilityGlobals) = postSolution
		SolutionGuid = {88AE7A0B-CA19-4F74-8DDF-E05EEAEF56D9}
	EndGlobalSection
EndGlobal
